set_global_assignment -name PROJECT_CREATION_TIME_DATE "11:22:23  JULY 13, 2023"
set_global_assignment -name PROJECT_OUTPUT_DIRECTORY output_files
set_global_assignment -name DEVICE A5ED065BB32AE4SR0
set_global_assignment -name FAMILY "Agilex 5"
set_global_assignment -name ERROR_CHECK_FREQUENCY_DIVISOR 256
set_global_assignment -name PWRMGT_VOLTAGE_OUTPUT_FORMAT "LINEAR FORMAT"
set_global_assignment -name PWRMGT_LINEAR_FORMAT_N "-12"
set_global_assignment -name POWER_APPLY_THERMAL_MARGIN ADDITIONAL
set_global_assignment -name TOP_LEVEL_ENTITY axe5_eagle_test
set_global_assignment -name TCL_SCRIPT_FILE sources/axe5_eagle_test_pins.tcl
set_global_assignment -name VERILOG_FILE sources/axe5_eagle_test.v
set_global_assignment -name QSYS_FILE video_sys.qsys
set_global_assignment -name QSYS_FILE peripheral_sys.qsys
set_global_assignment -name QSYS_FILE ghrd_hps_system.qsys
set_global_assignment -name IP_FILE ip/gmii2rgmii/gmii2rgmii.ip
set_global_assignment -name IP_FILE ip/ghrd_hps_system/ghrd_hps_system_reset_in.ip
set_global_assignment -name IP_FILE ip/ghrd_hps_system/ghrd_hps_system_master_0.ip
set_global_assignment -name IP_FILE ip/ghrd_hps_system/ghrd_hps_system_master_1.ip
set_global_assignment -name BOARD default
set_global_assignment -name IP_FILE ip/ghrd_hps_system/ghrd_hps_system_intel_agilex_5_soc_0.ip
set_global_assignment -name IP_FILE ip/ghrd_hps_system/ghrd_hps_system_emif_ph2_0.ip
set_global_assignment -name IP_FILE ip/ghrd_hps_system/ghrd_hps_system_intel_onchip_memory_0.ip
set_global_assignment -name IP_SEARCH_PATHS ip/adi/**/*
set_global_assignment -name IP_FILE ip/ghrd_hps_system/ghrd_hps_system_master_2.ip
set_global_assignment -name IP_FILE ip/peripheral_sys/peripheral_sys_pio_1.ip
set_global_assignment -name IP_FILE ip/peripheral_sys/peripheral_sys_pio_0.ip
set_global_assignment -name IP_FILE ip/peripheral_sys/peripheral_sys_sysid_qsys_0.ip
set_global_assignment -name IP_FILE ip/peripheral_sys/peripheral_sys_jtag_uart_0.ip
set_global_assignment -name IP_FILE ip/peripheral_sys/peripheral_sys_pio_5.ip
set_global_assignment -name IP_FILE ip/peripheral_sys/peripheral_sys_pio_4.ip
set_global_assignment -name IP_FILE ip/peripheral_sys/peripheral_sys_pio_3.ip
set_global_assignment -name IP_FILE ip/peripheral_sys/peripheral_sys_clock_in.ip
set_global_assignment -name IP_FILE ip/peripheral_sys/peripheral_sys_pio_2.ip
set_global_assignment -name IP_FILE ip/peripheral_sys/peripheral_sys_mm_bridge_0.ip
set_global_assignment -name IP_FILE ip/peripheral_sys/peripheral_sys_reset_in.ip
set_global_assignment -name IP_FILE ip/video_sys/video_sys_clock_in.ip
set_global_assignment -name IP_FILE ip/video_sys/video_sys_mm_bridge_1.ip
set_global_assignment -name IP_FILE ip/video_sys/video_sys_axi_dmac_0.ip
set_global_assignment -name IP_FILE ip/video_sys/video_sys_axi_hdmi_tx_0.ip
set_global_assignment -name IP_FILE ip/video_sys/video_sys_iopll_0.ip
set_global_assignment -name IP_FILE ip/video_sys/video_sys_reset_in.ip
set_global_assignment -name TCL_SCRIPT_FILE sources/agx5e065_pin_assignment.tcl
set_global_assignment -name IP_FILE ip/gmii2rgmii_pll.ip
set_global_assignment -name LAST_QUARTUS_VERSION "23.2.1 Pro Edition"
set_global_assignment -name IP_FILE ip/ghrd_hps_system/hps_only_master_0.ip
set_global_assignment -name IP_FILE ip/ghrd_hps_system/emif_ph2_1.ip
set_global_assignment -name IP_FILE ip/niosv_sys/niosv_sys_clock_in.ip
set_global_assignment -name IP_FILE ip/niosv_sys/niosv_sys_reset_in.ip
set_global_assignment -name QSYS_FILE niosv_sys.qsys
set_global_assignment -name IP_FILE ip/niosv_sys/niosv_sys_intel_niosv_g_0.ip
set_global_assignment -name IP_FILE ip/niosv_sys/niosv_sys_intel_onchip_memory_0.ip
set_global_assignment -name IP_FILE ip/niosv_sys/niosv_sys_master_0.ip
set_global_assignment -name IP_FILE ip/niosv_sys/niosv_sys_i2c_0.ip
set_global_assignment -name IP_FILE ip/niosv_sys/niosv_sys_pio_0.ip
set_global_assignment -name IP_FILE ip/niosv_sys/niosv_sys_axi_bridge_0.ip
set_global_assignment -name IP_FILE ip/niosv_sys/niosv_sys_pio_1.ip
set_global_assignment -name IP_FILE ip/niosv_sys/niosv_sys_pio_2.ip
set_global_assignment -name IP_FILE ip/niosv_sys/niosv_sys_pio_3.ip
set_global_assignment -name IP_FILE ip/niosv_sys/niosv_sys_pio_4.ip
set_global_assignment -name IP_FILE ip/niosv_sys/rgb_led0_0.ip
set_global_assignment -name IP_FILE ip/niosv_sys/rgb_led1_0.ip
set_global_assignment -name IP_FILE ip/niosv_sys/rgb_led12_0.ip
